
Microsoft Visual Studio Solution File, Format Version 12.00
# Visual Studio Version 16
VisualStudioVersion = 16.0.31313.79
MinimumVisualStudioVersion = 10.0.40219.1
Project("{2150E333-8FDC-42A3-9474-1A3956D46DE8}") = "Reverse", "Reverse", "{979398AE-380A-4D93-8048-F9E7F06F0180}"
EndProject
Project("{FAE04EC0-301F-11D3-BF4B-00C04F79EFBC}") = "reverse", "reverse\reverse.csproj", "{F161C022-7EC2-4E35-BFB2-7B89880F5B7D}"
EndProject
Global
	GlobalSection(SolutionConfigurationPlatforms) = preSolution
		Debug|Any CPU = Debug|Any CPU
		Release|Any CPU = Release|Any CPU
	EndGlobalSection
	GlobalSection(ProjectConfigurationPlatforms) = postSolution
		{F161C022-7EC2-4E35-BFB2-7B89880F5B7D}.Debug|Any CPU.ActiveCfg = Debug|Any CPU
		{F161C022-7EC2-4E35-BFB2-7B89880F5B7D}.Debug|Any CPU.Build.0 = Debug|Any CPU
		{F161C022-7EC2-4E35-BFB2-7B89880F5B7D}.Release|Any CPU.ActiveCfg = Release|Any CPU
		{F161C022-7EC2-4E35-BFB2-7B89880F5B7D}.Release|Any CPU.Build.0 = Release|Any CPU
	EndGlobalSection
	GlobalSection(SolutionProperties) = preSolution
		HideSolutionNode = FALSE
	EndGlobalSection
	GlobalSection(NestedProjects) = preSolution
		{F161C022-7EC2-4E35-BFB2-7B89880F5B7D} = {979398AE-380A-4D93-8048-F9E7F06F0180}
	EndGlobalSection
	GlobalSection(ExtensibilityGlobals) = postSolution
		SolutionGuid = {0831C549-4B3A-4DA6-AD7A-8D7CB45E8A33}
	EndGlobalSection
EndGlobal
